<Solution>
  <Configurations>
    <Platform Name="Any CPU" />
    <Platform Name="x64" />
    <Platform Name="x86" />
  </Configurations>
  <Folder Name="/.build/">
    <Project Path=".build/MonoBall.Build/MonoBall.Build.csproj" />
  </Folder>
  <Folder Name="/Platforms/">
    <Project Path="MonoBall.DesktopGL/MonoBall.DesktopGL.csproj" />
    <Project Path="MonoBall.DesktopVK/MonoBall.DesktopVK.csproj" />
    <Project Path="MonoBall.WindowsDX12/MonoBall.WindowsDX12.csproj" />
  </Folder>
  <Project Path="MonoBall.ArchiveTool/MonoBall.ArchiveTool.csproj" />
  <Project Path="MonoBall.Core/MonoBall.Core.csproj" />
</Solution>
